
Microsoft Visual Studio Solution File, Format Version 12.00
# Visual Studio Version 17
VisualStudioVersion = 17.7.34031.279
MinimumVisualStudioVersion = 10.0.40219.1
Project("{FAE04EC0-301F-11D3-BF4B-00C04F79EFBC}") = "WelcomePage.Android", "WelcomePage\WelcomePage.Android\WelcomePage.Android.csproj", "{43C1FBD7-891A-4367-A952-33DD306B6B23}"
EndProject
Project("{FAE04EC0-301F-11D3-BF4B-00C04F79EFBC}") = "WelcomePage", "WelcomePage\WelcomePage\WelcomePage.csproj", "{9AB2F27B-B062-4B58-A3E1-D78943C95568}"
EndProject
Global
	GlobalSection(SolutionConfigurationPlatforms) = preSolution
		Debug|Any CPU = Debug|Any CPU
		Release|Any CPU = Release|Any CPU
	EndGlobalSection
	GlobalSection(ProjectConfigurationPlatforms) = postSolution
		{43C1FBD7-891A-4367-A952-33DD306B6B23}.Debug|Any CPU.ActiveCfg = Debug|Any CPU
		{43C1FBD7-891A-4367-A952-33DD306B6B23}.Debug|Any CPU.Build.0 = Debug|Any CPU
		{43C1FBD7-891A-4367-A952-33DD306B6B23}.Debug|Any CPU.Deploy.0 = Debug|Any CPU
		{43C1FBD7-891A-4367-A952-33DD306B6B23}.Release|Any CPU.ActiveCfg = Release|Any CPU
		{43C1FBD7-891A-4367-A952-33DD306B6B23}.Release|Any CPU.Build.0 = Release|Any CPU
		{43C1FBD7-891A-4367-A952-33DD306B6B23}.Release|Any CPU.Deploy.0 = Release|Any CPU
		{9AB2F27B-B062-4B58-A3E1-D78943C95568}.Debug|Any CPU.ActiveCfg = Debug|Any CPU
		{9AB2F27B-B062-4B58-A3E1-D78943C95568}.Debug|Any CPU.Build.0 = Debug|Any CPU
		{9AB2F27B-B062-4B58-A3E1-D78943C95568}.Debug|Any CPU.Deploy.0 = Debug|Any CPU
		{9AB2F27B-B062-4B58-A3E1-D78943C95568}.Release|Any CPU.ActiveCfg = Release|Any CPU
		{9AB2F27B-B062-4B58-A3E1-D78943C95568}.Release|Any CPU.Build.0 = Release|Any CPU
		{9AB2F27B-B062-4B58-A3E1-D78943C95568}.Release|Any CPU.Deploy.0 = Release|Any CPU
	EndGlobalSection
	GlobalSection(SolutionProperties) = preSolution
		HideSolutionNode = FALSE
	EndGlobalSection
	GlobalSection(ExtensibilityGlobals) = postSolution
		SolutionGuid = {CD07B827-D0E9-48A8-A2BD-462249C2DB72}
	EndGlobalSection
EndGlobal
